
Microsoft Visual Studio Solution File, Format Version 12.00
# Visual Studio Version 16
VisualStudioVersion = 16.0.28803.202
MinimumVisualStudioVersion = 10.0.40219.1
Project("{FAE04EC0-301F-11D3-BF4B-00C04F79EFBC}") = "CalculatorWPF", "CalculatorWPF\CalculatorWPF.csproj", "{02D2E7F8-3390-400B-8CCA-3FDC13629C09}"
EndProject
Global
	GlobalSection(SolutionConfigurationPlatforms) = preSolution
		Debug|Any CPU = Debug|Any CPU
		Release|Any CPU = Release|Any CPU
	EndGlobalSection
	GlobalSection(ProjectConfigurationPlatforms) = postSolution
		{02D2E7F8-3390-400B-8CCA-3FDC13629C09}.Debug|Any CPU.ActiveCfg = Debug|Any CPU
		{02D2E7F8-3390-400B-8CCA-3FDC13629C09}.Debug|Any CPU.Build.0 = Debug|Any CPU
		{02D2E7F8-3390-400B-8CCA-3FDC13629C09}.Release|Any CPU.ActiveCfg = Release|Any CPU
		{02D2E7F8-3390-400B-8CCA-3FDC13629C09}.Release|Any CPU.Build.0 = Release|Any CPU
	EndGlobalSection
	GlobalSection(SolutionProperties) = preSolution
		HideSolutionNode = FALSE
	EndGlobalSection
	GlobalSection(ExtensibilityGlobals) = postSolution
		SolutionGuid = {972F6D1B-2576-4E1A-AEC3-A8BE0A6F6367}
	EndGlobalSection
EndGlobal
